
Microsoft Visual Studio Solution File, Format Version 12.00
# Visual Studio 15
VisualStudioVersion = 15.0.26124.0
MinimumVisualStudioVersion = 15.0.26124.0
Project("{9A19103F-16F7-4668-BE54-9A1E7A4F7556}") = "HcGetProduct", "HcGetProduct\HcGetProduct.csproj", "{7F921513-193E-4C7E-BAC4-5ACC810061E9}"
EndProject
Project("{9A19103F-16F7-4668-BE54-9A1E7A4F7556}") = "HcGetProduct.Tests", "HcGetProduct.Tests\HcGetProduct.Tests.csproj", "{43CBE4C5-9271-4F52-8622-62036424DF96}"
EndProject
Global
	GlobalSection(SolutionConfigurationPlatforms) = preSolution
		Debug|Any CPU = Debug|Any CPU
		Debug|x64 = Debug|x64
		Debug|x86 = Debug|x86
		Release|Any CPU = Release|Any CPU
		Release|x64 = Release|x64
		Release|x86 = Release|x86
	EndGlobalSection
	GlobalSection(ProjectConfigurationPlatforms) = postSolution
		{7F921513-193E-4C7E-BAC4-5ACC810061E9}.Debug|Any CPU.ActiveCfg = Debug|Any CPU
		{7F921513-193E-4C7E-BAC4-5ACC810061E9}.Debug|Any CPU.Build.0 = Debug|Any CPU
		{7F921513-193E-4C7E-BAC4-5ACC810061E9}.Debug|x64.ActiveCfg = Debug|Any CPU
		{7F921513-193E-4C7E-BAC4-5ACC810061E9}.Debug|x64.Build.0 = Debug|Any CPU
		{7F921513-193E-4C7E-BAC4-5ACC810061E9}.Debug|x86.ActiveCfg = Debug|Any CPU
		{7F921513-193E-4C7E-BAC4-5ACC810061E9}.Debug|x86.Build.0 = Debug|Any CPU
		{7F921513-193E-4C7E-BAC4-5ACC810061E9}.Release|Any CPU.ActiveCfg = Release|Any CPU
		{7F921513-193E-4C7E-BAC4-5ACC810061E9}.Release|Any CPU.Build.0 = Release|Any CPU
		{7F921513-193E-4C7E-BAC4-5ACC810061E9}.Release|x64.ActiveCfg = Release|Any CPU
		{7F921513-193E-4C7E-BAC4-5ACC810061E9}.Release|x64.Build.0 = Release|Any CPU
		{7F921513-193E-4C7E-BAC4-5ACC810061E9}.Release|x86.ActiveCfg = Release|Any CPU
		{7F921513-193E-4C7E-BAC4-5ACC810061E9}.Release|x86.Build.0 = Release|Any CPU
		{43CBE4C5-9271-4F52-8622-62036424DF96}.Debug|Any CPU.ActiveCfg = Debug|Any CPU
		{43CBE4C5-9271-4F52-8622-62036424DF96}.Debug|Any CPU.Build.0 = Debug|Any CPU
		{43CBE4C5-9271-4F52-8622-62036424DF96}.Debug|x64.ActiveCfg = Debug|Any CPU
		{43CBE4C5-9271-4F52-8622-62036424DF96}.Debug|x64.Build.0 = Debug|Any CPU
		{43CBE4C5-9271-4F52-8622-62036424DF96}.Debug|x86.ActiveCfg = Debug|Any CPU
		{43CBE4C5-9271-4F52-8622-62036424DF96}.Debug|x86.Build.0 = Debug|Any CPU
		{43CBE4C5-9271-4F52-8622-62036424DF96}.Release|Any CPU.ActiveCfg = Release|Any CPU
		{43CBE4C5-9271-4F52-8622-62036424DF96}.Release|Any CPU.Build.0 = Release|Any CPU
		{43CBE4C5-9271-4F52-8622-62036424DF96}.Release|x64.ActiveCfg = Release|Any CPU
		{43CBE4C5-9271-4F52-8622-62036424DF96}.Release|x64.Build.0 = Release|Any CPU
		{43CBE4C5-9271-4F52-8622-62036424DF96}.Release|x86.ActiveCfg = Release|Any CPU
		{43CBE4C5-9271-4F52-8622-62036424DF96}.Release|x86.Build.0 = Release|Any CPU
	EndGlobalSection
	GlobalSection(SolutionProperties) = preSolution
		HideSolutionNode = FALSE
	EndGlobalSection
	GlobalSection(ExtensibilityGlobals) = postSolution
		SolutionGuid = {5868FC52-EC7A-4777-9CFB-A9392C043C43}
	EndGlobalSection
EndGlobal
